
Microsoft Visual Studio Solution File, Format Version 12.00
# Visual Studio Version 17
VisualStudioVersion = 17.4.33110.190
MinimumVisualStudioVersion = 10.0.40219.1
Project("{2150E333-8FDC-42A3-9474-1A3956D46DE8}") = "MainApplication", "MainApplication", "{D9AE438C-CFD3-4CCE-8BCA-FA4B9FD7B8C1}"
EndProject
Project("{FAE04EC0-301F-11D3-BF4B-00C04F79EFBC}") = "Toolkit", "Toolkit\Toolkit.csproj", "{09EEA063-6DC3-47D7-8622-B81A6F307EE6}"
EndProject
Global
	GlobalSection(SolutionConfigurationPlatforms) = preSolution
		Debug|Any CPU = Debug|Any CPU
		Release|Any CPU = Release|Any CPU
	EndGlobalSection
	GlobalSection(ProjectConfigurationPlatforms) = postSolution
		{09EEA063-6DC3-47D7-8622-B81A6F307EE6}.Debug|Any CPU.ActiveCfg = Debug|Any CPU
		{09EEA063-6DC3-47D7-8622-B81A6F307EE6}.Debug|Any CPU.Build.0 = Debug|Any CPU
		{09EEA063-6DC3-47D7-8622-B81A6F307EE6}.Release|Any CPU.ActiveCfg = Release|Any CPU
		{09EEA063-6DC3-47D7-8622-B81A6F307EE6}.Release|Any CPU.Build.0 = Release|Any CPU
	EndGlobalSection
	GlobalSection(SolutionProperties) = preSolution
		HideSolutionNode = FALSE
	EndGlobalSection
	GlobalSection(NestedProjects) = preSolution
		{09EEA063-6DC3-47D7-8622-B81A6F307EE6} = {D9AE438C-CFD3-4CCE-8BCA-FA4B9FD7B8C1}
	EndGlobalSection
	GlobalSection(ExtensibilityGlobals) = postSolution
		SolutionGuid = {4BDF7A74-E870-46F3-A515-BEA8E0A03266}
	EndGlobalSection
EndGlobal
